
Microsoft Visual Studio Solution File, Format Version 12.00
# Visual Studio Version 17
VisualStudioVersion = 17.2.32616.157
MinimumVisualStudioVersion = 10.0.40219.1
Project("{FAE04EC0-301F-11D3-BF4B-00C04F79EFBC}") = "DistrictStylesPlus", "DistrictStylesPlus.csproj", "{A62979E8-0192-4475-A2D3-3BC131B554FB}"
EndProject
Global
	GlobalSection(SolutionConfigurationPlatforms) = preSolution
		Debug|Any CPU = Debug|Any CPU
		Release|Any CPU = Release|Any CPU
	EndGlobalSection
	GlobalSection(ProjectConfigurationPlatforms) = postSolution
		{A62979E8-0192-4475-A2D3-3BC131B554FB}.Debug|Any CPU.ActiveCfg = Debug|Any CPU
		{A62979E8-0192-4475-A2D3-3BC131B554FB}.Debug|Any CPU.Build.0 = Debug|Any CPU
		{A62979E8-0192-4475-A2D3-3BC131B554FB}.Release|Any CPU.ActiveCfg = Release|Any CPU
		{A62979E8-0192-4475-A2D3-3BC131B554FB}.Release|Any CPU.Build.0 = Release|Any CPU
	EndGlobalSection
	GlobalSection(SolutionProperties) = preSolution
		HideSolutionNode = FALSE
	EndGlobalSection
	GlobalSection(ExtensibilityGlobals) = postSolution
		SolutionGuid = {C875F3C0-0B05-44B3-87EC-97A73584F765}
	EndGlobalSection
EndGlobal
